
Microsoft Visual Studio Solution File, Format Version 12.00
# Visual Studio 2013
VisualStudioVersion = 12.0.30723.0
MinimumVisualStudioVersion = 10.0.40219.1
Project("{FAE04EC0-301F-11D3-BF4B-00C04F79EFBC}") = "exam_aspx", "exam-aspx\exam_aspx.csproj", "{969D7CC3-E57E-4DF7-9F1F-B6C29D059798}"
EndProject
Project("{FAE04EC0-301F-11D3-BF4B-00C04F79EFBC}") = "exam_aspx.Tests", "exam_aspx.Tests\exam_aspx.Tests.csproj", "{56308D76-2E66-4D2B-8ABC-C3FC5A5A7051}"
EndProject
Global
	GlobalSection(SolutionConfigurationPlatforms) = preSolution
		Debug|Any CPU = Debug|Any CPU
		Release|Any CPU = Release|Any CPU
	EndGlobalSection
	GlobalSection(ProjectConfigurationPlatforms) = postSolution
		{969D7CC3-E57E-4DF7-9F1F-B6C29D059798}.Debug|Any CPU.ActiveCfg = Debug|Any CPU
		{969D7CC3-E57E-4DF7-9F1F-B6C29D059798}.Debug|Any CPU.Build.0 = Debug|Any CPU
		{969D7CC3-E57E-4DF7-9F1F-B6C29D059798}.Release|Any CPU.ActiveCfg = Release|Any CPU
		{969D7CC3-E57E-4DF7-9F1F-B6C29D059798}.Release|Any CPU.Build.0 = Release|Any CPU
		{56308D76-2E66-4D2B-8ABC-C3FC5A5A7051}.Debug|Any CPU.ActiveCfg = Debug|Any CPU
		{56308D76-2E66-4D2B-8ABC-C3FC5A5A7051}.Debug|Any CPU.Build.0 = Debug|Any CPU
		{56308D76-2E66-4D2B-8ABC-C3FC5A5A7051}.Release|Any CPU.ActiveCfg = Release|Any CPU
		{56308D76-2E66-4D2B-8ABC-C3FC5A5A7051}.Release|Any CPU.Build.0 = Release|Any CPU
	EndGlobalSection
	GlobalSection(SolutionProperties) = preSolution
		HideSolutionNode = FALSE
	EndGlobalSection
EndGlobal
